
Microsoft Visual Studio Solution File, Format Version 12.00
# Visual Studio 15
VisualStudioVersion = 15.0.27428.2043
MinimumVisualStudioVersion = 10.0.40219.1
Project("{FAE04EC0-301F-11D3-BF4B-00C04F79EFBC}") = "SWLogAnalyser", "SWLogAnalyser\SWLogAnalyser.csproj", "{773230D8-10D1-45D0-B213-7FB29D5984D6}"
EndProject
Global
	GlobalSection(SolutionConfigurationPlatforms) = preSolution
		Debug|Any CPU = Debug|Any CPU
		Release|Any CPU = Release|Any CPU
	EndGlobalSection
	GlobalSection(ProjectConfigurationPlatforms) = postSolution
		{773230D8-10D1-45D0-B213-7FB29D5984D6}.Debug|Any CPU.ActiveCfg = Debug|Any CPU
		{773230D8-10D1-45D0-B213-7FB29D5984D6}.Debug|Any CPU.Build.0 = Debug|Any CPU
		{773230D8-10D1-45D0-B213-7FB29D5984D6}.Release|Any CPU.ActiveCfg = Release|Any CPU
		{773230D8-10D1-45D0-B213-7FB29D5984D6}.Release|Any CPU.Build.0 = Release|Any CPU
	EndGlobalSection
	GlobalSection(SolutionProperties) = preSolution
		HideSolutionNode = FALSE
	EndGlobalSection
	GlobalSection(ExtensibilityGlobals) = postSolution
		SolutionGuid = {42545731-6CEB-4619-A9F5-1405AD40EF2F}
	EndGlobalSection
EndGlobal
